// !$*UTF8*$!
{
	archiveVersion = 1;
	classes = {
	};
	objectVersion = 51;
	objects = {

/* Begin PBXBuildFile section */
		18C06ECCBD1ACD3655EC907B /* Pods_ObservableHuman_RxSwift_ObservableHuman_RxSwiftUITests.framework in Frameworks */ = {isa = PBXBuildFile; fileRef = C9866D1B9111D505D27269CD /* Pods_ObservableHuman_RxSwift_ObservableHuman_RxSwiftUITests.framework */; };
		8AA8C21827CA276EA45DCEFE /* Pods_ObservableHuman_RxSwiftTests.framework in Frameworks */ = {isa = PBXBuildFile; fileRef = ECB7630CEFB6BE726F74AA73 /* Pods_ObservableHuman_RxSwiftTests.framework */; };
		9717BEAD260F1F15009EC6E4 /* ObservableHumanWithUI.storyboard in Resources */ = {isa = PBXBuildFile; fileRef = 9717BEAC260F1F15009EC6E4 /* ObservableHumanWithUI.storyboard */; };
		9717BEB2260F1F2C009EC6E4 /* ObservableHumanWithUIViewController.swift in Sources */ = {isa = PBXBuildFile; fileRef = 9717BEB1260F1F2C009EC6E4 /* ObservableHumanWithUIViewController.swift */; };
		97520B24260C4ED600E6D9F8 /* AppDelegate.swift in Sources */ = {isa = PBXBuildFile; fileRef = 97520B23260C4ED600E6D9F8 /* AppDelegate.swift */; };
		97520B26260C4ED600E6D9F8 /* SceneDelegate.swift in Sources */ = {isa = PBXBuildFile; fileRef = 97520B25260C4ED600E6D9F8 /* SceneDelegate.swift */; };
		97520B2D260C4ED700E6D9F8 /* Assets.xcassets in Resources */ = {isa = PBXBuildFile; fileRef = 97520B2C260C4ED700E6D9F8 /* Assets.xcassets */; };
		97520B30260C4ED700E6D9F8 /* LaunchScreen.storyboard in Resources */ = {isa = PBXBuildFile; fileRef = 97520B2E260C4ED700E6D9F8 /* LaunchScreen.storyboard */; };
		97520B3B260C4ED700E6D9F8 /* ObservableHuman_RxSwiftTests.swift in Sources */ = {isa = PBXBuildFile; fileRef = 97520B3A260C4ED700E6D9F8 /* ObservableHuman_RxSwiftTests.swift */; };
		97520B46260C4ED700E6D9F8 /* ObservableHuman_RxSwiftUITests.swift in Sources */ = {isa = PBXBuildFile; fileRef = 97520B45260C4ED700E6D9F8 /* ObservableHuman_RxSwiftUITests.swift */; };
		97520B77260C573A00E6D9F8 /* Example.storyboard in Resources */ = {isa = PBXBuildFile; fileRef = 97520B76260C573A00E6D9F8 /* Example.storyboard */; };
		97520B7C260C577600E6D9F8 /* ExampleViewController.swift in Sources */ = {isa = PBXBuildFile; fileRef = 97520B7B260C577600E6D9F8 /* ExampleViewController.swift */; };
		CE1CC6193BC4AD00D3FD957D /* Pods_ObservableHuman_RxSwift.framework in Frameworks */ = {isa = PBXBuildFile; fileRef = 458BD4589D5519CF50FCC3EE /* Pods_ObservableHuman_RxSwift.framework */; };
/* End PBXBuildFile section */

/* Begin PBXContainerItemProxy section */
		97520B37260C4ED700E6D9F8 /* PBXContainerItemProxy */ = {
			isa = PBXContainerItemProxy;
			containerPortal = 97520B18260C4ED600E6D9F8 /* Project object */;
			proxyType = 1;
			remoteGlobalIDString = 97520B1F260C4ED600E6D9F8;
			remoteInfo = "ObservableHuman-RxSwift";
		};
		97520B42260C4ED700E6D9F8 /* PBXContainerItemProxy */ = {
			isa = PBXContainerItemProxy;
			containerPortal = 97520B18260C4ED600E6D9F8 /* Project object */;
			proxyType = 1;
			remoteGlobalIDString = 97520B1F260C4ED600E6D9F8;
			remoteInfo = "ObservableHuman-RxSwift";
		};
/* End PBXContainerItemProxy section */

/* Begin PBXFileReference section */
		039F6CD07336DFED5F3D28CD /* Pods-ObservableHuman-RxSwiftTests.release.xcconfig */ = {isa = PBXFileReference; includeInIndex = 1; lastKnownFileType = text.xcconfig; name = "Pods-ObservableHuman-RxSwiftTests.release.xcconfig"; path = "Target Support Files/Pods-ObservableHuman-RxSwiftTests/Pods-ObservableHuman-RxSwiftTests.release.xcconfig"; sourceTree = "<group>"; };
		1F2E29B9BA898454E6D5A257 /* Pods-ObservableHuman-RxSwiftTests.debug.xcconfig */ = {isa = PBXFileReference; includeInIndex = 1; lastKnownFileType = text.xcconfig; name = "Pods-ObservableHuman-RxSwiftTests.debug.xcconfig"; path = "Target Support Files/Pods-ObservableHuman-RxSwiftTests/Pods-ObservableHuman-RxSwiftTests.debug.xcconfig"; sourceTree = "<group>"; };
		458BD4589D5519CF50FCC3EE /* Pods_ObservableHuman_RxSwift.framework */ = {isa = PBXFileReference; explicitFileType = wrapper.framework; includeInIndex = 0; path = Pods_ObservableHuman_RxSwift.framework; sourceTree = BUILT_PRODUCTS_DIR; };
		898B46046B0DAE8CBA8DC521 /* Pods-ObservableHuman-RxSwift-ObservableHuman-RxSwiftUITests.release.xcconfig */ = {isa = PBXFileReference; includeInIndex = 1; lastKnownFileType = text.xcconfig; name = "Pods-ObservableHuman-RxSwift-ObservableHuman-RxSwiftUITests.release.xcconfig"; path = "Target Support Files/Pods-ObservableHuman-RxSwift-ObservableHuman-RxSwiftUITests/Pods-ObservableHuman-RxSwift-ObservableHuman-RxSwiftUITests.release.xcconfig"; sourceTree = "<group>"; };
		9717BEAC260F1F15009EC6E4 /* ObservableHumanWithUI.storyboard */ = {isa = PBXFileReference; lastKnownFileType = file.storyboard; path = ObservableHumanWithUI.storyboard; sourceTree = "<group>"; };
		9717BEB1260F1F2C009EC6E4 /* ObservableHumanWithUIViewController.swift */ = {isa = PBXFileReference; lastKnownFileType = sourcecode.swift; path = ObservableHumanWithUIViewController.swift; sourceTree = "<group>"; };
		97520B20260C4ED600E6D9F8 /* ObservableHuman-RxSwift.app */ = {isa = PBXFileReference; explicitFileType = wrapper.application; includeInIndex = 0; path = "ObservableHuman-RxSwift.app"; sourceTree = BUILT_PRODUCTS_DIR; };
		97520B23260C4ED600E6D9F8 /* AppDelegate.swift */ = {isa = PBXFileReference; lastKnownFileType = sourcecode.swift; path = AppDelegate.swift; sourceTree = "<group>"; };
		97520B25260C4ED600E6D9F8 /* SceneDelegate.swift */ = {isa = PBXFileReference; lastKnownFileType = sourcecode.swift; path = SceneDelegate.swift; sourceTree = "<group>"; };
		97520B2C260C4ED700E6D9F8 /* Assets.xcassets */ = {isa = PBXFileReference; lastKnownFileType = folder.assetcatalog; path = Assets.xcassets; sourceTree = "<group>"; };
		97520B2F260C4ED700E6D9F8 /* Base */ = {isa = PBXFileReference; lastKnownFileType = file.storyboard; name = Base; path = Base.lproj/LaunchScreen.storyboard; sourceTree = "<group>"; };
		97520B31260C4ED700E6D9F8 /* Info.plist */ = {isa = PBXFileReference; lastKnownFileType = text.plist.xml; path = Info.plist; sourceTree = "<group>"; };
		97520B36260C4ED700E6D9F8 /* ObservableHuman-RxSwiftTests.xctest */ = {isa = PBXFileReference; explicitFileType = wrapper.cfbundle; includeInIndex = 0; path = "ObservableHuman-RxSwiftTests.xctest"; sourceTree = BUILT_PRODUCTS_DIR; };
		97520B3A260C4ED700E6D9F8 /* ObservableHuman_RxSwiftTests.swift */ = {isa = PBXFileReference; lastKnownFileType = sourcecode.swift; path = ObservableHuman_RxSwiftTests.swift; sourceTree = "<group>"; };
		97520B3C260C4ED700E6D9F8 /* Info.plist */ = {isa = PBXFileReference; lastKnownFileType = text.plist.xml; path = Info.plist; sourceTree = "<group>"; };
		97520B41260C4ED700E6D9F8 /* ObservableHuman-RxSwiftUITests.xctest */ = {isa = PBXFileReference; explicitFileType = wrapper.cfbundle; includeInIndex = 0; path = "ObservableHuman-RxSwiftUITests.xctest"; sourceTree = BUILT_PRODUCTS_DIR; };
		97520B45260C4ED700E6D9F8 /* ObservableHuman_RxSwiftUITests.swift */ = {isa = PBXFileReference; lastKnownFileType = sourcecode.swift; path = ObservableHuman_RxSwiftUITests.swift; sourceTree = "<group>"; };
		97520B47260C4ED700E6D9F8 /* Info.plist */ = {isa = PBXFileReference; lastKnownFileType = text.plist.xml; path = Info.plist; sourceTree = "<group>"; };
		97520B76260C573A00E6D9F8 /* Example.storyboard */ = {isa = PBXFileReference; lastKnownFileType = file.storyboard; path = Example.storyboard; sourceTree = "<group>"; };
		97520B7B260C577600E6D9F8 /* ExampleViewController.swift */ = {isa = PBXFileReference; lastKnownFileType = sourcecode.swift; path = ExampleViewController.swift; sourceTree = "<group>"; };
		AE63948B23BD48FB718CDCD9 /* Pods-ObservableHuman-RxSwift.debug.xcconfig */ = {isa = PBXFileReference; includeInIndex = 1; lastKnownFileType = text.xcconfig; name = "Pods-ObservableHuman-RxSwift.debug.xcconfig"; path = "Target Support Files/Pods-ObservableHuman-RxSwift/Pods-ObservableHuman-RxSwift.debug.xcconfig"; sourceTree = "<group>"; };
		C9866D1B9111D505D27269CD /* Pods_ObservableHuman_RxSwift_ObservableHuman_RxSwiftUITests.framework */ = {isa = PBXFileReference; explicitFileType = wrapper.framework; includeInIndex = 0; path = Pods_ObservableHuman_RxSwift_ObservableHuman_RxSwiftUITests.framework; sourceTree = BUILT_PRODUCTS_DIR; };
		E3A1EE6EEA0EC4803AE495B2 /* Pods-ObservableHuman-RxSwift.release.xcconfig */ = {isa = PBXFileReference; includeInIndex = 1; lastKnownFileType = text.xcconfig; name = "Pods-ObservableHuman-RxSwift.release.xcconfig"; path = "Target Support Files/Pods-ObservableHuman-RxSwift/Pods-ObservableHuman-RxSwift.release.xcconfig"; sourceTree = "<group>"; };
		ECB7630CEFB6BE726F74AA73 /* Pods_ObservableHuman_RxSwiftTests.framework */ = {isa = PBXFileReference; explicitFileType = wrapper.framework; includeInIndex = 0; path = Pods_ObservableHuman_RxSwiftTests.framework; sourceTree = BUILT_PRODUCTS_DIR; };
		FAEBF83C2120F23B24BAA49C /* Pods-ObservableHuman-RxSwift-ObservableHuman-RxSwiftUITests.debug.xcconfig */ = {isa = PBXFileReference; includeInIndex = 1; lastKnownFileType = text.xcconfig; name = "Pods-ObservableHuman-RxSwift-ObservableHuman-RxSwiftUITests.debug.xcconfig"; path = "Target Support Files/Pods-ObservableHuman-RxSwift-ObservableHuman-RxSwiftUITests/Pods-ObservableHuman-RxSwift-ObservableHuman-RxSwiftUITests.debug.xcconfig"; sourceTree = "<group>"; };
/* End PBXFileReference section */

/* Begin PBXFrameworksBuildPhase section */
		97520B1D260C4ED600E6D9F8 /* Frameworks */ = {
			isa = PBXFrameworksBuildPhase;
			buildActionMask = 2147483647;
			files = (
				CE1CC6193BC4AD00D3FD957D /* Pods_ObservableHuman_RxSwift.framework in Frameworks */,
			);
			runOnlyForDeploymentPostprocessing = 0;
		};
		97520B33260C4ED700E6D9F8 /* Frameworks */ = {
			isa = PBXFrameworksBuildPhase;
			buildActionMask = 2147483647;
			files = (
				8AA8C21827CA276EA45DCEFE /* Pods_ObservableHuman_RxSwiftTests.framework in Frameworks */,
			);
			runOnlyForDeploymentPostprocessing = 0;
		};
		97520B3E260C4ED700E6D9F8 /* Frameworks */ = {
			isa = PBXFrameworksBuildPhase;
			buildActionMask = 2147483647;
			files = (
				18C06ECCBD1ACD3655EC907B /* Pods_ObservableHuman_RxSwift_ObservableHuman_RxSwiftUITests.framework in Frameworks */,
			);
			runOnlyForDeploymentPostprocessing = 0;
		};
/* End PBXFrameworksBuildPhase section */

/* Begin PBXGroup section */
		9095B7D9F308A08A7C048F77 /* Pods */ = {
			isa = PBXGroup;
			children = (
				AE63948B23BD48FB718CDCD9 /* Pods-ObservableHuman-RxSwift.debug.xcconfig */,
				E3A1EE6EEA0EC4803AE495B2 /* Pods-ObservableHuman-RxSwift.release.xcconfig */,
				FAEBF83C2120F23B24BAA49C /* Pods-ObservableHuman-RxSwift-ObservableHuman-RxSwiftUITests.debug.xcconfig */,
				898B46046B0DAE8CBA8DC521 /* Pods-ObservableHuman-RxSwift-ObservableHuman-RxSwiftUITests.release.xcconfig */,
				1F2E29B9BA898454E6D5A257 /* Pods-ObservableHuman-RxSwiftTests.debug.xcconfig */,
				039F6CD07336DFED5F3D28CD /* Pods-ObservableHuman-RxSwiftTests.release.xcconfig */,
			);
			path = Pods;
			sourceTree = "<group>";
		};
		9717BEAB260F1ED5009EC6E4 /* ObservableHumanWithUI */ = {
			isa = PBXGroup;
			children = (
				9717BEAC260F1F15009EC6E4 /* ObservableHumanWithUI.storyboard */,
				9717BEB1260F1F2C009EC6E4 /* ObservableHumanWithUIViewController.swift */,
			);
			path = ObservableHumanWithUI;
			sourceTree = "<group>";
		};
		97520B17260C4ED600E6D9F8 = {
			isa = PBXGroup;
			children = (
				97520B22260C4ED600E6D9F8 /* ObservableHuman-RxSwift */,
				97520B39260C4ED700E6D9F8 /* ObservableHuman-RxSwiftTests */,
				97520B44260C4ED700E6D9F8 /* ObservableHuman-RxSwiftUITests */,
				97520B21260C4ED600E6D9F8 /* Products */,
				9095B7D9F308A08A7C048F77 /* Pods */,
				B9FF4E360190E4B93E8FA9C4 /* Frameworks */,
			);
			sourceTree = "<group>";
		};
		97520B21260C4ED600E6D9F8 /* Products */ = {
			isa = PBXGroup;
			children = (
				97520B20260C4ED600E6D9F8 /* ObservableHuman-RxSwift.app */,
				97520B36260C4ED700E6D9F8 /* ObservableHuman-RxSwiftTests.xctest */,
				97520B41260C4ED700E6D9F8 /* ObservableHuman-RxSwiftUITests.xctest */,
			);
			name = Products;
			sourceTree = "<group>";
		};
		97520B22260C4ED600E6D9F8 /* ObservableHuman-RxSwift */ = {
			isa = PBXGroup;
			children = (
				97520B23260C4ED600E6D9F8 /* AppDelegate.swift */,
				97520B25260C4ED600E6D9F8 /* SceneDelegate.swift */,
				97520B75260C56F700E6D9F8 /* Example */,
				9717BEAB260F1ED5009EC6E4 /* ObservableHumanWithUI */,
				97520B2E260C4ED700E6D9F8 /* LaunchScreen.storyboard */,
				97520B2C260C4ED700E6D9F8 /* Assets.xcassets */,
				97520B31260C4ED700E6D9F8 /* Info.plist */,
			);
			path = "ObservableHuman-RxSwift";
			sourceTree = "<group>";
		};
		97520B39260C4ED700E6D9F8 /* ObservableHuman-RxSwiftTests */ = {
			isa = PBXGroup;
			children = (
				97520B3A260C4ED700E6D9F8 /* ObservableHuman_RxSwiftTests.swift */,
				97520B3C260C4ED700E6D9F8 /* Info.plist */,
			);
			path = "ObservableHuman-RxSwiftTests";
			sourceTree = "<group>";
		};
		97520B44260C4ED700E6D9F8 /* ObservableHuman-RxSwiftUITests */ = {
			isa = PBXGroup;
			children = (
				97520B45260C4ED700E6D9F8 /* ObservableHuman_RxSwiftUITests.swift */,
				97520B47260C4ED700E6D9F8 /* Info.plist */,
			);
			path = "ObservableHuman-RxSwiftUITests";
			sourceTree = "<group>";
		};
		97520B75260C56F700E6D9F8 /* Example */ = {
			isa = PBXGroup;
			children = (
				97520B76260C573A00E6D9F8 /* Example.storyboard */,
				97520B7B260C577600E6D9F8 /* ExampleViewController.swift */,
			);
			path = Example;
			sourceTree = "<group>";
		};
		B9FF4E360190E4B93E8FA9C4 /* Frameworks */ = {
			isa = PBXGroup;
			children = (
				458BD4589D5519CF50FCC3EE /* Pods_ObservableHuman_RxSwift.framework */,
				C9866D1B9111D505D27269CD /* Pods_ObservableHuman_RxSwift_ObservableHuman_RxSwiftUITests.framework */,
				ECB7630CEFB6BE726F74AA73 /* Pods_ObservableHuman_RxSwiftTests.framework */,
			);
			name = Frameworks;
			sourceTree = "<group>";
		};
/* End PBXGroup section */

/* Begin PBXNativeTarget section */
		97520B1F260C4ED600E6D9F8 /* ObservableHuman-RxSwift */ = {
			isa = PBXNativeTarget;
			buildConfigurationList = 97520B4A260C4ED700E6D9F8 /* Build configuration list for PBXNativeTarget "ObservableHuman-RxSwift" */;
			buildPhases = (
				28BFB7548A478CF0192BFDE2 /* [CP] Check Pods Manifest.lock */,
				97520B1C260C4ED600E6D9F8 /* Sources */,
				97520B1D260C4ED600E6D9F8 /* Frameworks */,
				97520B1E260C4ED600E6D9F8 /* Resources */,
				7B628BA261303CDBF917953C /* [CP] Embed Pods Frameworks */,
			);
			buildRules = (
			);
			dependencies = (
			);
			name = "ObservableHuman-RxSwift";
			productName = "ObservableHuman-RxSwift";
			productReference = 97520B20260C4ED600E6D9F8 /* ObservableHuman-RxSwift.app */;
			productType = "com.apple.product-type.application";
		};
		97520B35260C4ED700E6D9F8 /* ObservableHuman-RxSwiftTests */ = {
			isa = PBXNativeTarget;
			buildConfigurationList = 97520B4D260C4ED700E6D9F8 /* Build configuration list for PBXNativeTarget "ObservableHuman-RxSwiftTests" */;
			buildPhases = (
				8D7EE61FD03928895B830D06 /* [CP] Check Pods Manifest.lock */,
				97520B32260C4ED700E6D9F8 /* Sources */,
				97520B33260C4ED700E6D9F8 /* Frameworks */,
				97520B34260C4ED700E6D9F8 /* Resources */,
				1AE2BC33E3B0373A77A1D5CA /* [CP] Embed Pods Frameworks */,
			);
			buildRules = (
			);
			dependencies = (
				97520B38260C4ED700E6D9F8 /* PBXTargetDependency */,
			);
			name = "ObservableHuman-RxSwiftTests";
			productName = "ObservableHuman-RxSwiftTests";
			productReference = 97520B36260C4ED700E6D9F8 /* ObservableHuman-RxSwiftTests.xctest */;
			productType = "com.apple.product-type.bundle.unit-test";
		};
		97520B40260C4ED700E6D9F8 /* ObservableHuman-RxSwiftUITests */ = {
			isa = PBXNativeTarget;
			buildConfigurationList = 97520B50260C4ED700E6D9F8 /* Build configuration list for PBXNativeTarget "ObservableHuman-RxSwiftUITests" */;
			buildPhases = (
				FBDCCCE5B67FA7BD80D6C5F0 /* [CP] Check Pods Manifest.lock */,
				97520B3D260C4ED700E6D9F8 /* Sources */,
				97520B3E260C4ED700E6D9F8 /* Frameworks */,
				97520B3F260C4ED700E6D9F8 /* Resources */,
				B81B6F6C741C2CC33FE2CF62 /* [CP] Embed Pods Frameworks */,
			);
			buildRules = (
			);
			dependencies = (
				97520B43260C4ED700E6D9F8 /* PBXTargetDependency */,
			);
			name = "ObservableHuman-RxSwiftUITests";
			productName = "ObservableHuman-RxSwiftUITests";
			productReference = 97520B41260C4ED700E6D9F8 /* ObservableHuman-RxSwiftUITests.xctest */;
			productType = "com.apple.product-type.bundle.ui-testing";
		};
/* End PBXNativeTarget section */

/* Begin PBXProject section */
		97520B18260C4ED600E6D9F8 /* Project object */ = {
			isa = PBXProject;
			attributes = {
				LastSwiftUpdateCheck = 1240;
				LastUpgradeCheck = 1240;
				TargetAttributes = {
					97520B1F260C4ED600E6D9F8 = {
						CreatedOnToolsVersion = 12.4;
					};
					97520B35260C4ED700E6D9F8 = {
						CreatedOnToolsVersion = 12.4;
						TestTargetID = 97520B1F260C4ED600E6D9F8;
					};
					97520B40260C4ED700E6D9F8 = {
						CreatedOnToolsVersion = 12.4;
						TestTargetID = 97520B1F260C4ED600E6D9F8;
					};
				};
			};
			buildConfigurationList = 97520B1B260C4ED600E6D9F8 /* Build configuration list for PBXProject "ObservableHuman-RxSwift" */;
			compatibilityVersion = "Xcode 9.3";
			developmentRegion = en;
			hasScannedForEncodings = 0;
			knownRegions = (
				en,
				Base,
			);
			mainGroup = 97520B17260C4ED600E6D9F8;
			productRefGroup = 97520B21260C4ED600E6D9F8 /* Products */;
			projectDirPath = "";
			projectRoot = "";
			targets = (
				97520B1F260C4ED600E6D9F8 /* ObservableHuman-RxSwift */,
				97520B35260C4ED700E6D9F8 /* ObservableHuman-RxSwiftTests */,
				97520B40260C4ED700E6D9F8 /* ObservableHuman-RxSwiftUITests */,
			);
		};
/* End PBXProject section */

/* Begin PBXResourcesBuildPhase section */
		97520B1E260C4ED600E6D9F8 /* Resources */ = {
			isa = PBXResourcesBuildPhase;
			buildActionMask = 2147483647;
			files = (
				97520B30260C4ED700E6D9F8 /* LaunchScreen.storyboard in Resources */,
				97520B2D260C4ED700E6D9F8 /* Assets.xcassets in Resources */,
				9717BEAD260F1F15009EC6E4 /* ObservableHumanWithUI.storyboard in Resources */,
				97520B77260C573A00E6D9F8 /* Example.storyboard in Resources */,
			);
			runOnlyForDeploymentPostprocessing = 0;
		};
		97520B34260C4ED700E6D9F8 /* Resources */ = {
			isa = PBXResourcesBuildPhase;
			buildActionMask = 2147483647;
			files = (
			);
			runOnlyForDeploymentPostprocessing = 0;
		};
		97520B3F260C4ED700E6D9F8 /* Resources */ = {
			isa = PBXResourcesBuildPhase;
			buildActionMask = 2147483647;
			files = (
			);
			runOnlyForDeploymentPostprocessing = 0;
		};
/* End PBXResourcesBuildPhase section */

/* Begin PBXShellScriptBuildPhase section */
		1AE2BC33E3B0373A77A1D5CA /* [CP] Embed Pods Frameworks */ = {
			isa = PBXShellScriptBuildPhase;
			buildActionMask = 2147483647;
			files = (
			);
			inputFileListPaths = (
				"${PODS_ROOT}/Target Support Files/Pods-ObservableHuman-RxSwiftTests/Pods-ObservableHuman-RxSwiftTests-frameworks-${CONFIGURATION}-input-files.xcfilelist",
			);
			name = "[CP] Embed Pods Frameworks";
			outputFileListPaths = (
				"${PODS_ROOT}/Target Support Files/Pods-ObservableHuman-RxSwiftTests/Pods-ObservableHuman-RxSwiftTests-frameworks-${CONFIGURATION}-output-files.xcfilelist",
			);
			runOnlyForDeploymentPostprocessing = 0;
			shellPath = /bin/sh;
			shellScript = "\"${PODS_ROOT}/Target Support Files/Pods-ObservableHuman-RxSwiftTests/Pods-ObservableHuman-RxSwiftTests-frameworks.sh\"\n";
			showEnvVarsInLog = 0;
		};
		28BFB7548A478CF0192BFDE2 /* [CP] Check Pods Manifest.lock */ = {
			isa = PBXShellScriptBuildPhase;
			buildActionMask = 2147483647;
			files = (
			);
			inputFileListPaths = (
			);
			inputPaths = (
				"${PODS_PODFILE_DIR_PATH}/Podfile.lock",
				"${PODS_ROOT}/Manifest.lock",
			);
			name = "[CP] Check Pods Manifest.lock";
			outputFileListPaths = (
			);
			outputPaths = (
				"$(DERIVED_FILE_DIR)/Pods-ObservableHuman-RxSwift-checkManifestLockResult.txt",
			);
			runOnlyForDeploymentPostprocessing = 0;
			shellPath = /bin/sh;
			shellScript = "diff \"${PODS_PODFILE_DIR_PATH}/Podfile.lock\" \"${PODS_ROOT}/Manifest.lock\" > /dev/null\nif [ $? != 0 ] ; then\n    # print error to STDERR\n    echo \"error: The sandbox is not in sync with the Podfile.lock. Run 'pod install' or update your CocoaPods installation.\" >&2\n    exit 1\nfi\n# This output is used by Xcode 'outputs' to avoid re-running this script phase.\necho \"SUCCESS\" > \"${SCRIPT_OUTPUT_FILE_0}\"\n";
			showEnvVarsInLog = 0;
		};
		7B628BA261303CDBF917953C /* [CP] Embed Pods Frameworks */ = {
			isa = PBXShellScriptBuildPhase;
			buildActionMask = 2147483647;
			files = (
			);
			inputFileListPaths = (
				"${PODS_ROOT}/Target Support Files/Pods-ObservableHuman-RxSwift/Pods-ObservableHuman-RxSwift-frameworks-${CONFIGURATION}-input-files.xcfilelist",
			);
			name = "[CP] Embed Pods Frameworks";
			outputFileListPaths = (
				"${PODS_ROOT}/Target Support Files/Pods-ObservableHuman-RxSwift/Pods-ObservableHuman-RxSwift-frameworks-${CONFIGURATION}-output-files.xcfilelist",
			);
			runOnlyForDeploymentPostprocessing = 0;
			shellPath = /bin/sh;
			shellScript = "\"${PODS_ROOT}/Target Support Files/Pods-ObservableHuman-RxSwift/Pods-ObservableHuman-RxSwift-frameworks.sh\"\n";
			showEnvVarsInLog = 0;
		};
		8D7EE61FD03928895B830D06 /* [CP] Check Pods Manifest.lock */ = {
			isa = PBXShellScriptBuildPhase;
			buildActionMask = 2147483647;
			files = (
			);
			inputFileListPaths = (
			);
			inputPaths = (
				"${PODS_PODFILE_DIR_PATH}/Podfile.lock",
				"${PODS_ROOT}/Manifest.lock",
			);
			name = "[CP] Check Pods Manifest.lock";
			outputFileListPaths = (
			);
			outputPaths = (
				"$(DERIVED_FILE_DIR)/Pods-ObservableHuman-RxSwiftTests-checkManifestLockResult.txt",
			);
			runOnlyForDeploymentPostprocessing = 0;
			shellPath = /bin/sh;
			shellScript = "diff \"${PODS_PODFILE_DIR_PATH}/Podfile.lock\" \"${PODS_ROOT}/Manifest.lock\" > /dev/null\nif [ $? != 0 ] ; then\n    # print error to STDERR\n    echo \"error: The sandbox is not in sync with the Podfile.lock. Run 'pod install' or update your CocoaPods installation.\" >&2\n    exit 1\nfi\n# This output is used by Xcode 'outputs' to avoid re-running this script phase.\necho \"SUCCESS\" > \"${SCRIPT_OUTPUT_FILE_0}\"\n";
			showEnvVarsInLog = 0;
		};
		B81B6F6C741C2CC33FE2CF62 /* [CP] Embed Pods Frameworks */ = {
			isa = PBXShellScriptBuildPhase;
			buildActionMask = 2147483647;
			files = (
			);
			inputFileListPaths = (
				"${PODS_ROOT}/Target Support Files/Pods-ObservableHuman-RxSwift-ObservableHuman-RxSwiftUITests/Pods-ObservableHuman-RxSwift-ObservableHuman-RxSwiftUITests-frameworks-${CONFIGURATION}-input-files.xcfilelist",
			);
			name = "[CP] Embed Pods Frameworks";
			outputFileListPaths = (
				"${PODS_ROOT}/Target Support Files/Pods-ObservableHuman-RxSwift-ObservableHuman-RxSwiftUITests/Pods-ObservableHuman-RxSwift-ObservableHuman-RxSwiftUITests-frameworks-${CONFIGURATION}-output-files.xcfilelist",
			);
			runOnlyForDeploymentPostprocessing = 0;
			shellPath = /bin/sh;
			shellScript = "\"${PODS_ROOT}/Target Support Files/Pods-ObservableHuman-RxSwift-ObservableHuman-RxSwiftUITests/Pods-ObservableHuman-RxSwift-ObservableHuman-RxSwiftUITests-frameworks.sh\"\n";
			showEnvVarsInLog = 0;
		};
		FBDCCCE5B67FA7BD80D6C5F0 /* [CP] Check Pods Manifest.lock */ = {
			isa = PBXShellScriptBuildPhase;
			buildActionMask = 2147483647;
			files = (
			);
			inputFileListPaths = (
			);
			inputPaths = (
				"${PODS_PODFILE_DIR_PATH}/Podfile.lock",
				"${PODS_ROOT}/Manifest.lock",
			);
			name = "[CP] Check Pods Manifest.lock";
			outputFileListPaths = (
			);
			outputPaths = (
				"$(DERIVED_FILE_DIR)/Pods-ObservableHuman-RxSwift-ObservableHuman-RxSwiftUITests-checkManifestLockResult.txt",
			);
			runOnlyForDeploymentPostprocessing = 0;
			shellPath = /bin/sh;
			shellScript = "diff \"${PODS_PODFILE_DIR_PATH}/Podfile.lock\" \"${PODS_ROOT}/Manifest.lock\" > /dev/null\nif [ $? != 0 ] ; then\n    # print error to STDERR\n    echo \"error: The sandbox is not in sync with the Podfile.lock. Run 'pod install' or update your CocoaPods installation.\" >&2\n    exit 1\nfi\n# This output is used by Xcode 'outputs' to avoid re-running this script phase.\necho \"SUCCESS\" > \"${SCRIPT_OUTPUT_FILE_0}\"\n";
			showEnvVarsInLog = 0;
		};
/* End PBXShellScriptBuildPhase section */

/* Begin PBXSourcesBuildPhase section */
		97520B1C260C4ED600E6D9F8 /* Sources */ = {
			isa = PBXSourcesBuildPhase;
			buildActionMask = 2147483647;
			files = (
				97520B24260C4ED600E6D9F8 /* AppDelegate.swift in Sources */,
				97520B26260C4ED600E6D9F8 /* SceneDelegate.swift in Sources */,
				97520B7C260C577600E6D9F8 /* ExampleViewController.swift in Sources */,
				9717BEB2260F1F2C009EC6E4 /* ObservableHumanWithUIViewController.swift in Sources */,
			);
			runOnlyForDeploymentPostprocessing = 0;
		};
		97520B32260C4ED700E6D9F8 /* Sources */ = {
			isa = PBXSourcesBuildPhase;
			buildActionMask = 2147483647;
			files = (
				97520B3B260C4ED700E6D9F8 /* ObservableHuman_RxSwiftTests.swift in Sources */,
			);
			runOnlyForDeploymentPostprocessing = 0;
		};
		97520B3D260C4ED700E6D9F8 /* Sources */ = {
			isa = PBXSourcesBuildPhase;
			buildActionMask = 2147483647;
			files = (
				97520B46260C4ED700E6D9F8 /* ObservableHuman_RxSwiftUITests.swift in Sources */,
			);
			runOnlyForDeploymentPostprocessing = 0;
		};
/* End PBXSourcesBuildPhase section */

/* Begin PBXTargetDependency section */
		97520B38260C4ED700E6D9F8 /* PBXTargetDependency */ = {
			isa = PBXTargetDependency;
			target = 97520B1F260C4ED600E6D9F8 /* ObservableHuman-RxSwift */;
			targetProxy = 97520B37260C4ED700E6D9F8 /* PBXContainerItemProxy */;
		};
		97520B43260C4ED700E6D9F8 /* PBXTargetDependency */ = {
			isa = PBXTargetDependency;
			target = 97520B1F260C4ED600E6D9F8 /* ObservableHuman-RxSwift */;
			targetProxy = 97520B42260C4ED700E6D9F8 /* PBXContainerItemProxy */;
		};
/* End PBXTargetDependency section */

/* Begin PBXVariantGroup section */
		97520B2E260C4ED700E6D9F8 /* LaunchScreen.storyboard */ = {
			isa = PBXVariantGroup;
			children = (
				97520B2F260C4ED700E6D9F8 /* Base */,
			);
			name = LaunchScreen.storyboard;
			sourceTree = "<group>";
		};
/* End PBXVariantGroup section */

/* Begin XCBuildConfiguration section */
		97520B48260C4ED700E6D9F8 /* Debug */ = {
			isa = XCBuildConfiguration;
			buildSettings = {
				ALWAYS_SEARCH_USER_PATHS = NO;
				CLANG_ANALYZER_NONNULL = YES;
				CLANG_ANALYZER_NUMBER_OBJECT_CONVERSION = YES_AGGRESSIVE;
				CLANG_CXX_LANGUAGE_STANDARD = "gnu++14";
				CLANG_CXX_LIBRARY = "libc++";
				CLANG_ENABLE_MODULES = YES;
				CLANG_ENABLE_OBJC_ARC = YES;
				CLANG_ENABLE_OBJC_WEAK = YES;
				CLANG_WARN_BLOCK_CAPTURE_AUTORELEASING = YES;
				CLANG_WARN_BOOL_CONVERSION = YES;
				CLANG_WARN_COMMA = YES;
				CLANG_WARN_CONSTANT_CONVERSION = YES;
				CLANG_WARN_DEPRECATED_OBJC_IMPLEMENTATIONS = YES;
				CLANG_WARN_DIRECT_OBJC_ISA_USAGE = YES_ERROR;
				CLANG_WARN_DOCUMENTATION_COMMENTS = YES;
				CLANG_WARN_EMPTY_BODY = YES;
				CLANG_WARN_ENUM_CONVERSION = YES;
				CLANG_WARN_INFINITE_RECURSION = YES;
				CLANG_WARN_INT_CONVERSION = YES;
				CLANG_WARN_NON_LITERAL_NULL_CONVERSION = YES;
				CLANG_WARN_OBJC_IMPLICIT_RETAIN_SELF = YES;
				CLANG_WARN_OBJC_LITERAL_CONVERSION = YES;
				CLANG_WARN_OBJC_ROOT_CLASS = YES_ERROR;
				CLANG_WARN_QUOTED_INCLUDE_IN_FRAMEWORK_HEADER = YES;
				CLANG_WARN_RANGE_LOOP_ANALYSIS = YES;
				CLANG_WARN_STRICT_PROTOTYPES = YES;
				CLANG_WARN_SUSPICIOUS_MOVE = YES;
				CLANG_WARN_UNGUARDED_AVAILABILITY = YES_AGGRESSIVE;
				CLANG_WARN_UNREACHABLE_CODE = YES;
				CLANG_WARN__DUPLICATE_METHOD_MATCH = YES;
				COPY_PHASE_STRIP = NO;
				DEBUG_INFORMATION_FORMAT = dwarf;
				ENABLE_STRICT_OBJC_MSGSEND = YES;
				ENABLE_TESTABILITY = YES;
				GCC_C_LANGUAGE_STANDARD = gnu11;
				GCC_DYNAMIC_NO_PIC = NO;
				GCC_NO_COMMON_BLOCKS = YES;
				GCC_OPTIMIZATION_LEVEL = 0;
				GCC_PREPROCESSOR_DEFINITIONS = (
					"DEBUG=1",
					"$(inherited)",
				);
				GCC_WARN_64_TO_32_BIT_CONVERSION = YES;
				GCC_WARN_ABOUT_RETURN_TYPE = YES_ERROR;
				GCC_WARN_UNDECLARED_SELECTOR = YES;
				GCC_WARN_UNINITIALIZED_AUTOS = YES_AGGRESSIVE;
				GCC_WARN_UNUSED_FUNCTION = YES;
				GCC_WARN_UNUSED_VARIABLE = YES;
				IPHONEOS_DEPLOYMENT_TARGET = 14.1;
				MTL_ENABLE_DEBUG_INFO = INCLUDE_SOURCE;
				MTL_FAST_MATH = YES;
				ONLY_ACTIVE_ARCH = YES;
				SDKROOT = iphoneos;
				SWIFT_ACTIVE_COMPILATION_CONDITIONS = DEBUG;
				SWIFT_OPTIMIZATION_LEVEL = "-Onone";
			};
			name = Debug;
		};
		97520B49260C4ED700E6D9F8 /* Release */ = {
			isa = XCBuildConfiguration;
			buildSettings = {
				ALWAYS_SEARCH_USER_PATHS = NO;
				CLANG_ANALYZER_NONNULL = YES;
				CLANG_ANALYZER_NUMBER_OBJECT_CONVERSION = YES_AGGRESSIVE;
				CLANG_CXX_LANGUAGE_STANDARD = "gnu++14";
				CLANG_CXX_LIBRARY = "libc++";
				CLANG_ENABLE_MODULES = YES;
				CLANG_ENABLE_OBJC_ARC = YES;
				CLANG_ENABLE_OBJC_WEAK = YES;
				CLANG_WARN_BLOCK_CAPTURE_AUTORELEASING = YES;
				CLANG_WARN_BOOL_CONVERSION = YES;
				CLANG_WARN_COMMA = YES;
				CLANG_WARN_CONSTANT_CONVERSION = YES;
				CLANG_WARN_DEPRECATED_OBJC_IMPLEMENTATIONS = YES;
				CLANG_WARN_DIRECT_OBJC_ISA_USAGE = YES_ERROR;
				CLANG_WARN_DOCUMENTATION_COMMENTS = YES;
				CLANG_WARN_EMPTY_BODY = YES;
				CLANG_WARN_ENUM_CONVERSION = YES;
				CLANG_WARN_INFINITE_RECURSION = YES;
				CLANG_WARN_INT_CONVERSION = YES;
				CLANG_WARN_NON_LITERAL_NULL_CONVERSION = YES;
				CLANG_WARN_OBJC_IMPLICIT_RETAIN_SELF = YES;
				CLANG_WARN_OBJC_LITERAL_CONVERSION = YES;
				CLANG_WARN_OBJC_ROOT_CLASS = YES_ERROR;
				CLANG_WARN_QUOTED_INCLUDE_IN_FRAMEWORK_HEADER = YES;
				CLANG_WARN_RANGE_LOOP_ANALYSIS = YES;
				CLANG_WARN_STRICT_PROTOTYPES = YES;
				CLANG_WARN_SUSPICIOUS_MOVE = YES;
				CLANG_WARN_UNGUARDED_AVAILABILITY = YES_AGGRESSIVE;
				CLANG_WARN_UNREACHABLE_CODE = YES;
				CLANG_WARN__DUPLICATE_METHOD_MATCH = YES;
				COPY_PHASE_STRIP = NO;
				DEBUG_INFORMATION_FORMAT = "dwarf-with-dsym";
				ENABLE_NS_ASSERTIONS = NO;
				ENABLE_STRICT_OBJC_MSGSEND = YES;
				GCC_C_LANGUAGE_STANDARD = gnu11;
				GCC_NO_COMMON_BLOCKS = YES;
				GCC_WARN_64_TO_32_BIT_CONVERSION = YES;
				GCC_WARN_ABOUT_RETURN_TYPE = YES_ERROR;
				GCC_WARN_UNDECLARED_SELECTOR = YES;
				GCC_WARN_UNINITIALIZED_AUTOS = YES_AGGRESSIVE;
				GCC_WARN_UNUSED_FUNCTION = YES;
				GCC_WARN_UNUSED_VARIABLE = YES;
				IPHONEOS_DEPLOYMENT_TARGET = 14.1;
				MTL_ENABLE_DEBUG_INFO = NO;
				MTL_FAST_MATH = YES;
				SDKROOT = iphoneos;
				SWIFT_COMPILATION_MODE = wholemodule;
				SWIFT_OPTIMIZATION_LEVEL = "-O";
				VALIDATE_PRODUCT = YES;
			};
			name = Release;
		};
		97520B4B260C4ED700E6D9F8 /* Debug */ = {
			isa = XCBuildConfiguration;
			baseConfigurationReference = AE63948B23BD48FB718CDCD9 /* Pods-ObservableHuman-RxSwift.debug.xcconfig */;
			buildSettings = {
				ALWAYS_EMBED_SWIFT_STANDARD_LIBRARIES = "$(inherited)";
				ASSETCATALOG_COMPILER_APPICON_NAME = AppIcon;
				ASSETCATALOG_COMPILER_GLOBAL_ACCENT_COLOR_NAME = AccentColor;
				CODE_SIGN_STYLE = Automatic;
				DEVELOPMENT_TEAM = 2V4975L824;
				INFOPLIST_FILE = "ObservableHuman-RxSwift/Info.plist";
				LD_RUNPATH_SEARCH_PATHS = (
					"$(inherited)",
					"@executable_path/Frameworks",
				);
				PRODUCT_BUNDLE_IDENTIFIER = "jp.co.hotmail.lilossa.ObservableHuman-RxSwift";
				PRODUCT_NAME = "$(TARGET_NAME)";
				SWIFT_VERSION = 5.0;
				TARGETED_DEVICE_FAMILY = "1,2";
			};
			name = Debug;
		};
		97520B4C260C4ED700E6D9F8 /* Release */ = {
			isa = XCBuildConfiguration;
			baseConfigurationReference = E3A1EE6EEA0EC4803AE495B2 /* Pods-ObservableHuman-RxSwift.release.xcconfig */;
			buildSettings = {
				ALWAYS_EMBED_SWIFT_STANDARD_LIBRARIES = "$(inherited)";
				ASSETCATALOG_COMPILER_APPICON_NAME = AppIcon;
				ASSETCATALOG_COMPILER_GLOBAL_ACCENT_COLOR_NAME = AccentColor;
				CODE_SIGN_STYLE = Automatic;
				DEVELOPMENT_TEAM = 2V4975L824;
				INFOPLIST_FILE = "ObservableHuman-RxSwift/Info.plist";
				LD_RUNPATH_SEARCH_PATHS = (
					"$(inherited)",
					"@executable_path/Frameworks",
				);
				PRODUCT_BUNDLE_IDENTIFIER = "jp.co.hotmail.lilossa.ObservableHuman-RxSwift";
				PRODUCT_NAME = "$(TARGET_NAME)";
				SWIFT_VERSION = 5.0;
				TARGETED_DEVICE_FAMILY = "1,2";
			};
			name = Release;
		};
		97520B4E260C4ED700E6D9F8 /* Debug */ = {
			isa = XCBuildConfiguration;
			baseConfigurationReference = 1F2E29B9BA898454E6D5A257 /* Pods-ObservableHuman-RxSwiftTests.debug.xcconfig */;
			buildSettings = {
				ALWAYS_EMBED_SWIFT_STANDARD_LIBRARIES = YES;
				BUNDLE_LOADER = "$(TEST_HOST)";
				CODE_SIGN_STYLE = Automatic;
				DEVELOPMENT_TEAM = 2V4975L824;
				INFOPLIST_FILE = "ObservableHuman-RxSwiftTests/Info.plist";
				IPHONEOS_DEPLOYMENT_TARGET = 14.4;
				LD_RUNPATH_SEARCH_PATHS = (
					"$(inherited)",
					"@executable_path/Frameworks",
					"@loader_path/Frameworks",
				);
				PRODUCT_BUNDLE_IDENTIFIER = "jp.co.hotmail.lilossa.ObservableHuman-RxSwiftTests";
				PRODUCT_NAME = "$(TARGET_NAME)";
				SWIFT_VERSION = 5.0;
				TARGETED_DEVICE_FAMILY = "1,2";
				TEST_HOST = "$(BUILT_PRODUCTS_DIR)/ObservableHuman-RxSwift.app/ObservableHuman-RxSwift";
			};
			name = Debug;
		};
		97520B4F260C4ED700E6D9F8 /* Release */ = {
			isa = XCBuildConfiguration;
			baseConfigurationReference = 039F6CD07336DFED5F3D28CD /* Pods-ObservableHuman-RxSwiftTests.release.xcconfig */;
			buildSettings = {
				ALWAYS_EMBED_SWIFT_STANDARD_LIBRARIES = YES;
				BUNDLE_LOADER = "$(TEST_HOST)";
				CODE_SIGN_STYLE = Automatic;
				DEVELOPMENT_TEAM = 2V4975L824;
				INFOPLIST_FILE = "ObservableHuman-RxSwiftTests/Info.plist";
				IPHONEOS_DEPLOYMENT_TARGET = 14.4;
				LD_RUNPATH_SEARCH_PATHS = (
					"$(inherited)",
					"@executable_path/Frameworks",
					"@loader_path/Frameworks",
				);
				PRODUCT_BUNDLE_IDENTIFIER = "jp.co.hotmail.lilossa.ObservableHuman-RxSwiftTests";
				PRODUCT_NAME = "$(TARGET_NAME)";
				SWIFT_VERSION = 5.0;
				TARGETED_DEVICE_FAMILY = "1,2";
				TEST_HOST = "$(BUILT_PRODUCTS_DIR)/ObservableHuman-RxSwift.app/ObservableHuman-RxSwift";
			};
			name = Release;
		};
		97520B51260C4ED700E6D9F8 /* Debug */ = {
			isa = XCBuildConfiguration;
			baseConfigurationReference = FAEBF83C2120F23B24BAA49C /* Pods-ObservableHuman-RxSwift-ObservableHuman-RxSwiftUITests.debug.xcconfig */;
			buildSettings = {
				ALWAYS_EMBED_SWIFT_STANDARD_LIBRARIES = YES;
				CODE_SIGN_STYLE = Automatic;
				DEVELOPMENT_TEAM = 2V4975L824;
				INFOPLIST_FILE = "ObservableHuman-RxSwiftUITests/Info.plist";
				LD_RUNPATH_SEARCH_PATHS = (
					"$(inherited)",
					"@executable_path/Frameworks",
					"@loader_path/Frameworks",
				);
				PRODUCT_BUNDLE_IDENTIFIER = "jp.co.hotmail.lilossa.ObservableHuman-RxSwiftUITests";
				PRODUCT_NAME = "$(TARGET_NAME)";
				SWIFT_VERSION = 5.0;
				TARGETED_DEVICE_FAMILY = "1,2";
				TEST_TARGET_NAME = "ObservableHuman-RxSwift";
			};
			name = Debug;
		};
		97520B52260C4ED700E6D9F8 /* Release */ = {
			isa = XCBuildConfiguration;
			baseConfigurationReference = 898B46046B0DAE8CBA8DC521 /* Pods-ObservableHuman-RxSwift-ObservableHuman-RxSwiftUITests.release.xcconfig */;
			buildSettings = {
				ALWAYS_EMBED_SWIFT_STANDARD_LIBRARIES = YES;
				CODE_SIGN_STYLE = Automatic;
				DEVELOPMENT_TEAM = 2V4975L824;
				INFOPLIST_FILE = "ObservableHuman-RxSwiftUITests/Info.plist";
				LD_RUNPATH_SEARCH_PATHS = (
					"$(inherited)",
					"@executable_path/Frameworks",
					"@loader_path/Frameworks",
				);
				PRODUCT_BUNDLE_IDENTIFIER = "jp.co.hotmail.lilossa.ObservableHuman-RxSwiftUITests";
				PRODUCT_NAME = "$(TARGET_NAME)";
				SWIFT_VERSION = 5.0;
				TARGETED_DEVICE_FAMILY = "1,2";
				TEST_TARGET_NAME = "ObservableHuman-RxSwift";
			};
			name = Release;
		};
/* End XCBuildConfiguration section */

/* Begin XCConfigurationList section */
		97520B1B260C4ED600E6D9F8 /* Build configuration list for PBXProject "ObservableHuman-RxSwift" */ = {
			isa = XCConfigurationList;
			buildConfigurations = (
				97520B48260C4ED700E6D9F8 /* Debug */,
				97520B49260C4ED700E6D9F8 /* Release */,
			);
			defaultConfigurationIsVisible = 0;
			defaultConfigurationName = Release;
		};
		97520B4A260C4ED700E6D9F8 /* Build configuration list for PBXNativeTarget "ObservableHuman-RxSwift" */ = {
			isa = XCConfigurationList;
			buildConfigurations = (
				97520B4B260C4ED700E6D9F8 /* Debug */,
				97520B4C260C4ED700E6D9F8 /* Release */,
			);
			defaultConfigurationIsVisible = 0;
			defaultConfigurationName = Release;
		};
		97520B4D260C4ED700E6D9F8 /* Build configuration list for PBXNativeTarget "ObservableHuman-RxSwiftTests" */ = {
			isa = XCConfigurationList;
			buildConfigurations = (
				97520B4E260C4ED700E6D9F8 /* Debug */,
				97520B4F260C4ED700E6D9F8 /* Release */,
			);
			defaultConfigurationIsVisible = 0;
			defaultConfigurationName = Release;
		};
		97520B50260C4ED700E6D9F8 /* Build configuration list for PBXNativeTarget "ObservableHuman-RxSwiftUITests" */ = {
			isa = XCConfigurationList;
			buildConfigurations = (
				97520B51260C4ED700E6D9F8 /* Debug */,
				97520B52260C4ED700E6D9F8 /* Release */,
			);
			defaultConfigurationIsVisible = 0;
			defaultConfigurationName = Release;
		};
/* End XCConfigurationList section */
	};
	rootObject = 97520B18260C4ED600E6D9F8 /* Project object */;
}
